
Microsoft Visual Studio Solution File, Format Version 12.00
# Visual Studio Version 17
VisualStudioVersion = 17.0.31912.275
MinimumVisualStudioVersion = 10.0.40219.1
Project("{FAE04EC0-301F-11D3-BF4B-00C04F79EFBC}") = "ProjectWorkLibrary", "ProjectWorkLibrary\ProjectWorkLibrary.csproj", "{F11A9DDC-528D-4C30-BC79-9D19680F50ED}"
EndProject
Global
	GlobalSection(SolutionConfigurationPlatforms) = preSolution
		Debug|Any CPU = Debug|Any CPU
		Release|Any CPU = Release|Any CPU
	EndGlobalSection
	GlobalSection(ProjectConfigurationPlatforms) = postSolution
		{F11A9DDC-528D-4C30-BC79-9D19680F50ED}.Debug|Any CPU.ActiveCfg = Debug|Any CPU
		{F11A9DDC-528D-4C30-BC79-9D19680F50ED}.Debug|Any CPU.Build.0 = Debug|Any CPU
		{F11A9DDC-528D-4C30-BC79-9D19680F50ED}.Release|Any CPU.ActiveCfg = Release|Any CPU
		{F11A9DDC-528D-4C30-BC79-9D19680F50ED}.Release|Any CPU.Build.0 = Release|Any CPU
	EndGlobalSection
	GlobalSection(SolutionProperties) = preSolution
		HideSolutionNode = FALSE
	EndGlobalSection
	GlobalSection(ExtensibilityGlobals) = postSolution
		SolutionGuid = {733FD318-2978-43A1-8A93-3466EA06571A}
	EndGlobalSection
EndGlobal
